
Microsoft Visual Studio Solution File, Format Version 12.00
# Visual Studio Version 16
VisualStudioVersion = 16.0.30114.105
MinimumVisualStudioVersion = 10.0.40219.1
Project("{FAE04EC0-301F-11D3-BF4B-00C04F79EFBC}") = "Obsidian.Dragon.Api", "Obsidian.Dragon.Api\Obsidian.Dragon.Api.csproj", "{FE3EB682-C7EB-4342-BC29-690D18CCF297}"
EndProject
Project("{FAE04EC0-301F-11D3-BF4B-00C04F79EFBC}") = "Obsidian.Dragon.Domain", "Obsidian.Dragon.Domain\Obsidian.Dragon.Domain.csproj", "{DBBF685E-9227-4C44-8AD2-C1D36592EB31}"
EndProject
Project("{FAE04EC0-301F-11D3-BF4B-00C04F79EFBC}") = "Obsidian.Dragon.Data", "Obsidian.Dragon.Data\Obsidian.Dragon.Data.csproj", "{EBCE42EB-CD9C-44AE-84F1-37ABA6D562CA}"
EndProject
Global
	GlobalSection(SolutionConfigurationPlatforms) = preSolution
		Debug|Any CPU = Debug|Any CPU
		Release|Any CPU = Release|Any CPU
	EndGlobalSection
	GlobalSection(SolutionProperties) = preSolution
		HideSolutionNode = FALSE
	EndGlobalSection
	GlobalSection(ProjectConfigurationPlatforms) = postSolution
		{FE3EB682-C7EB-4342-BC29-690D18CCF297}.Debug|Any CPU.ActiveCfg = Debug|Any CPU
		{FE3EB682-C7EB-4342-BC29-690D18CCF297}.Debug|Any CPU.Build.0 = Debug|Any CPU
		{FE3EB682-C7EB-4342-BC29-690D18CCF297}.Release|Any CPU.ActiveCfg = Release|Any CPU
		{FE3EB682-C7EB-4342-BC29-690D18CCF297}.Release|Any CPU.Build.0 = Release|Any CPU
		{DBBF685E-9227-4C44-8AD2-C1D36592EB31}.Debug|Any CPU.ActiveCfg = Debug|Any CPU
		{DBBF685E-9227-4C44-8AD2-C1D36592EB31}.Debug|Any CPU.Build.0 = Debug|Any CPU
		{DBBF685E-9227-4C44-8AD2-C1D36592EB31}.Release|Any CPU.ActiveCfg = Release|Any CPU
		{DBBF685E-9227-4C44-8AD2-C1D36592EB31}.Release|Any CPU.Build.0 = Release|Any CPU
		{EBCE42EB-CD9C-44AE-84F1-37ABA6D562CA}.Debug|Any CPU.ActiveCfg = Debug|Any CPU
		{EBCE42EB-CD9C-44AE-84F1-37ABA6D562CA}.Debug|Any CPU.Build.0 = Debug|Any CPU
		{EBCE42EB-CD9C-44AE-84F1-37ABA6D562CA}.Release|Any CPU.ActiveCfg = Release|Any CPU
		{EBCE42EB-CD9C-44AE-84F1-37ABA6D562CA}.Release|Any CPU.Build.0 = Release|Any CPU
	EndGlobalSection
EndGlobal
